
Microsoft Visual Studio Solution File, Format Version 12.00
# Visual Studio Version 17
VisualStudioVersion = 17.3.32825.248
MinimumVisualStudioVersion = 10.0.40219.1
Project("{9A19103F-16F7-4668-BE54-9A1E7A4F7556}") = "Lab2_1", "Lab2_1\Lab2_1.csproj", "{5C06BD81-3850-4466-B332-3CF3D152B037}"
EndProject
Project("{FAE04EC0-301F-11D3-BF4B-00C04F79EFBC}") = "Lab2_2", "Lab2_2\Lab2_2.csproj", "{035B447C-9892-4620-A75A-0E4C1BD0464D}"
EndProject
Global
	GlobalSection(SolutionConfigurationPlatforms) = preSolution
		Debug|Any CPU = Debug|Any CPU
		Release|Any CPU = Release|Any CPU
	EndGlobalSection
	GlobalSection(ProjectConfigurationPlatforms) = postSolution
		{5C06BD81-3850-4466-B332-3CF3D152B037}.Debug|Any CPU.ActiveCfg = Debug|Any CPU
		{5C06BD81-3850-4466-B332-3CF3D152B037}.Debug|Any CPU.Build.0 = Debug|Any CPU
		{5C06BD81-3850-4466-B332-3CF3D152B037}.Release|Any CPU.ActiveCfg = Release|Any CPU
		{5C06BD81-3850-4466-B332-3CF3D152B037}.Release|Any CPU.Build.0 = Release|Any CPU
		{035B447C-9892-4620-A75A-0E4C1BD0464D}.Debug|Any CPU.ActiveCfg = Debug|Any CPU
		{035B447C-9892-4620-A75A-0E4C1BD0464D}.Debug|Any CPU.Build.0 = Debug|Any CPU
		{035B447C-9892-4620-A75A-0E4C1BD0464D}.Release|Any CPU.ActiveCfg = Release|Any CPU
		{035B447C-9892-4620-A75A-0E4C1BD0464D}.Release|Any CPU.Build.0 = Release|Any CPU
	EndGlobalSection
	GlobalSection(SolutionProperties) = preSolution
		HideSolutionNode = FALSE
	EndGlobalSection
	GlobalSection(ExtensibilityGlobals) = postSolution
		SolutionGuid = {FA6ECC9F-9689-4193-8BFD-DBBA521E6DF7}
	EndGlobalSection
EndGlobal
