
Microsoft Visual Studio Solution File, Format Version 12.00
# Visual Studio Version 17
VisualStudioVersion = 17.3.32825.248
MinimumVisualStudioVersion = 10.0.40219.1
Project("{9A19103F-16F7-4668-BE54-9A1E7A4F7556}") = "MPP_Lab1_1", "MPP_Lab1\MPP_Lab1_1.csproj", "{38EC4941-66F4-43B6-9C34-1E6AE3EFB75A}"
EndProject
Project("{9A19103F-16F7-4668-BE54-9A1E7A4F7556}") = "MPP_Lab1_2", "MPP_Lab1_2\MPP_Lab1_2.csproj", "{5E314488-97EF-49E4-A5C0-F24DC130F545}"
EndProject
Project("{FAE04EC0-301F-11D3-BF4B-00C04F79EFBC}") = "Tests_Lab1", "Tests_Lab1\Tests_Lab1.csproj", "{DC4FE31A-0693-439B-88B0-F79BE760B131}"
EndProject
Global
	GlobalSection(SolutionConfigurationPlatforms) = preSolution
		Debug|Any CPU = Debug|Any CPU
		Release|Any CPU = Release|Any CPU
	EndGlobalSection
	GlobalSection(ProjectConfigurationPlatforms) = postSolution
		{38EC4941-66F4-43B6-9C34-1E6AE3EFB75A}.Debug|Any CPU.ActiveCfg = Debug|Any CPU
		{38EC4941-66F4-43B6-9C34-1E6AE3EFB75A}.Debug|Any CPU.Build.0 = Debug|Any CPU
		{38EC4941-66F4-43B6-9C34-1E6AE3EFB75A}.Release|Any CPU.ActiveCfg = Release|Any CPU
		{38EC4941-66F4-43B6-9C34-1E6AE3EFB75A}.Release|Any CPU.Build.0 = Release|Any CPU
		{5E314488-97EF-49E4-A5C0-F24DC130F545}.Debug|Any CPU.ActiveCfg = Debug|Any CPU
		{5E314488-97EF-49E4-A5C0-F24DC130F545}.Debug|Any CPU.Build.0 = Debug|Any CPU
		{5E314488-97EF-49E4-A5C0-F24DC130F545}.Release|Any CPU.ActiveCfg = Release|Any CPU
		{5E314488-97EF-49E4-A5C0-F24DC130F545}.Release|Any CPU.Build.0 = Release|Any CPU
		{DC4FE31A-0693-439B-88B0-F79BE760B131}.Debug|Any CPU.ActiveCfg = Debug|Any CPU
		{DC4FE31A-0693-439B-88B0-F79BE760B131}.Debug|Any CPU.Build.0 = Debug|Any CPU
		{DC4FE31A-0693-439B-88B0-F79BE760B131}.Release|Any CPU.ActiveCfg = Release|Any CPU
		{DC4FE31A-0693-439B-88B0-F79BE760B131}.Release|Any CPU.Build.0 = Release|Any CPU
	EndGlobalSection
	GlobalSection(SolutionProperties) = preSolution
		HideSolutionNode = FALSE
	EndGlobalSection
	GlobalSection(ExtensibilityGlobals) = postSolution
		SolutionGuid = {D3C04017-4DA9-4001-9503-6E7135C42FC1}
	EndGlobalSection
EndGlobal
